<?xml version="1.0" encoding="utf-8"?>
<Project ToolsVersion="4.0" xmlns="http://schemas.microsoft.com/developer/msbuild/2003">
  <ItemGroup>
    <ClCompile Include="index.cpp" />
    <ClCompile Include="Parser.cpp">
      <Filter>Parser</Filter>
    </ClCompile>
    <ClCompile Include="Reader.cpp">
      <Filter>Reader</Filter>
    </ClCompile>
    <ClCompile Include="Lexer.cpp">
      <Filter>Lexer</Filter>
    </ClCompile>
  </ItemGroup>
  <ItemGroup>
    <Filter Include="Parser">
      <UniqueIdentifier>{e94a8a27-7404-4250-b892-779ea1ba8052}</UniqueIdentifier>
    </Filter>
    <Filter Include="Reader">
      <UniqueIdentifier>{4d7cd69d-7ee7-49a5-a047-808971a6c6fe}</UniqueIdentifier>
    </Filter>
    <Filter Include="Lexer">
      <UniqueIdentifier>{2ab29582-86ab-4521-8bb0-fd3c12bf2e25}</UniqueIdentifier>
    </Filter>
  </ItemGroup>
  <ItemGroup>
    <ClInclude Include="Parser.hpp">
      <Filter>Parser</Filter>
    </ClInclude>
    <ClInclude Include="Reader.hpp">
      <Filter>Reader</Filter>
    </ClInclude>
    <ClInclude Include="Token.hpp">
      <Filter>Lexer</Filter>
    </ClInclude>
    <ClInclude Include="Lexer.hpp">
      <Filter>Lexer</Filter>
    </ClInclude>
    <ClInclude Include="structures.hpp" />
    <ClInclude Include="utils.hpp" />
  </ItemGroup>
</Project>