<?xml version="1.0" encoding="utf-8"?>
<Project ToolsVersion="4.0" xmlns="http://schemas.microsoft.com/developer/msbuild/2003">
  <ItemGroup>
    <ClCompile Include="index.cpp" />
    <ClCompile Include="Parser.cpp">
      <Filter>Parser</Filter>
    </ClCompile>
    <ClCompile Include="Lexer.cpp" />
  </ItemGroup>
  <ItemGroup>
    <Filter Include="Parser">
      <UniqueIdentifier>{e94a8a27-7404-4250-b892-779ea1ba8052}</UniqueIdentifier>
    </Filter>
  </ItemGroup>
  <ItemGroup>
    <ClInclude Include="Parser.hpp">
      <Filter>Parser</Filter>
    </ClInclude>
    <ClInclude Include="structures.hpp" />
    <ClInclude Include="util.hpp" />
    <ClInclude Include="Lexer.hpp" />
  </ItemGroup>
</Project>